<?xml version="1.0" encoding="utf-8"?>
<Project ToolsVersion="4.0" xmlns="http://schemas.microsoft.com/developer/msbuild/2003">
  <ItemGroup>
    <Filter Include="Source Files">
      <UniqueIdentifier>{4FC737F1-C7A5-4376-A066-2A32D752A2FF}</UniqueIdentifier>
      <Extensions>cpp;c;cc;cxx;c++;cppm;ixx;def;odl;idl;hpj;bat;asm;asmx</Extensions>
    </Filter>
    <Filter Include="Header Files">
      <UniqueIdentifier>{93995380-89BD-4b04-88EB-625FBE52EBFB}</UniqueIdentifier>
      <Extensions>h;hh;hpp;hxx;h++;hm;inl;inc;ipp;xsd</Extensions>
    </Filter>
    <Filter Include="Resource Files">
      <UniqueIdentifier>{67DA6AB6-F800-4c08-8B7A-83BB121AAD01}</UniqueIdentifier>
      <Extensions>rc;ico;cur;bmp;dlg;rc2;rct;bin;rgs;gif;jpg;jpeg;jpe;resx;tiff;tif;png;wav;mfcribbon-ms</Extensions>
    </Filter>
    <Filter Include="Structures">
      <UniqueIdentifier>{21179380-526d-463c-ae09-753cbdf7d349}</UniqueIdentifier>
    </Filter>
    <Filter Include="Structures\array">
      <UniqueIdentifier>{4a97942c-55ea-431f-af93-e9cdb4ea7552}</UniqueIdentifier>
    </Filter>
    <Filter Include="Structures\list">
      <UniqueIdentifier>{cf43745e-4619-4f87-a3cd-e47692183423}</UniqueIdentifier>
    </Filter>
    <Filter Include="Structures\vector">
      <UniqueIdentifier>{0f012345-f524-412a-a4a3-a9aff1b070fa}</UniqueIdentifier>
    </Filter>
    <Filter Include="Structures\priority_queue">
      <UniqueIdentifier>{558bcc68-3ec3-4962-a682-3a2eaf46ef3c}</UniqueIdentifier>
    </Filter>
    <Filter Include="Structures\graph">
      <UniqueIdentifier>{6fc0d902-31f2-4193-86c2-997f70c2b296}</UniqueIdentifier>
    </Filter>
    <Filter Include="Structures\stack">
      <UniqueIdentifier>{b1b7de89-3e2f-4bef-8772-9e2b8786a2cb}</UniqueIdentifier>
    </Filter>
    <Filter Include="Structures\table">
      <UniqueIdentifier>{f648698d-e783-4787-98a6-abcc1e183c9e}</UniqueIdentifier>
    </Filter>
    <Filter Include="Structures\tree">
      <UniqueIdentifier>{a80197ac-274e-4809-8f60-5a80365b86bc}</UniqueIdentifier>
    </Filter>
    <Filter Include="Structures\queue">
      <UniqueIdentifier>{8e5a2239-dcfd-4683-bfa6-ca9019d1f303}</UniqueIdentifier>
    </Filter>
  </ItemGroup>
  <ItemGroup>
    <ClCompile Include="SEM_AUS_2.cpp">
      <Filter>Source Files</Filter>
    </ClCompile>
    <ClCompile Include="..\structures\ds_routines.cpp">
      <Filter>Source Files</Filter>
    </ClCompile>
    <ClCompile Include="..\structures\memory_routines.cpp">
      <Filter>Source Files</Filter>
    </ClCompile>
    <ClCompile Include="..\structures\structure.cpp">
      <Filter>Source Files</Filter>
    </ClCompile>
    <ClCompile Include="..\structures\vector\vector.cpp">
      <Filter>Structures\vector</Filter>
    </ClCompile>
  </ItemGroup>
  <ItemGroup>
    <ClInclude Include="..\structures\array\array.h">
      <Filter>Structures\array</Filter>
    </ClInclude>
    <ClInclude Include="..\structures\list\array_list.h">
      <Filter>Structures\list</Filter>
    </ClInclude>
    <ClInclude Include="..\structures\list\linked_list.h">
      <Filter>Structures\list</Filter>
    </ClInclude>
    <ClInclude Include="..\structures\list\list.h">
      <Filter>Structures\list</Filter>
    </ClInclude>
    <ClInclude Include="..\structures\queue\explicit_queue.h">
      <Filter>Structures\queue</Filter>
    </ClInclude>
    <ClInclude Include="..\structures\queue\implicit_queue.h">
      <Filter>Structures\queue</Filter>
    </ClInclude>
    <ClInclude Include="..\structures\queue\queue.h">
      <Filter>Structures\queue</Filter>
    </ClInclude>
    <ClInclude Include="..\structures\tree\binary_tree.h">
      <Filter>Structures\tree</Filter>
    </ClInclude>
    <ClInclude Include="..\structures\tree\k_way_tree.h">
      <Filter>Structures\tree</Filter>
    </ClInclude>
    <ClInclude Include="..\structures\tree\multi_way_tree.h">
      <Filter>Structures\tree</Filter>
    </ClInclude>
    <ClInclude Include="..\structures\tree\tree.h">
      <Filter>Structures\tree</Filter>
    </ClInclude>
    <ClInclude Include="..\structures\stack\explicit_stack.h">
      <Filter>Structures\stack</Filter>
    </ClInclude>
    <ClInclude Include="..\structures\stack\implicit_stack.h">
      <Filter>Structures\stack</Filter>
    </ClInclude>
    <ClInclude Include="..\structures\stack\stack.h">
      <Filter>Structures\stack</Filter>
    </ClInclude>
    <ClInclude Include="..\structures\priority_queue\heap.h">
      <Filter>Structures\priority_queue</Filter>
    </ClInclude>
    <ClInclude Include="..\structures\priority_queue\priority_queue.h">
      <Filter>Structures\priority_queue</Filter>
    </ClInclude>
    <ClInclude Include="..\structures\priority_queue\priority_queue_limited_sorted_array_list.h">
      <Filter>Structures\priority_queue</Filter>
    </ClInclude>
    <ClInclude Include="..\structures\priority_queue\priority_queue_linked_list.h">
      <Filter>Structures\priority_queue</Filter>
    </ClInclude>
    <ClInclude Include="..\structures\priority_queue\priority_queue_list.h">
      <Filter>Structures\priority_queue</Filter>
    </ClInclude>
    <ClInclude Include="..\structures\priority_queue\priority_queue_sorted_array_list.h">
      <Filter>Structures\priority_queue</Filter>
    </ClInclude>
    <ClInclude Include="..\structures\priority_queue\priority_queue_two_lists.h">
      <Filter>Structures\priority_queue</Filter>
    </ClInclude>
    <ClInclude Include="..\structures\priority_queue\priority_queue_unsorted_array_list.h">
      <Filter>Structures\priority_queue</Filter>
    </ClInclude>
    <ClInclude Include="..\structures\ds_routines.h">
      <Filter>Header Files</Filter>
    </ClInclude>
    <ClInclude Include="..\structures\ds_structure_types.h">
      <Filter>Header Files</Filter>
    </ClInclude>
    <ClInclude Include="..\structures\heap_monitor.h">
      <Filter>Header Files</Filter>
    </ClInclude>
    <ClInclude Include="..\structures\memory_routines.h">
      <Filter>Header Files</Filter>
    </ClInclude>
    <ClInclude Include="..\structures\structure.h">
      <Filter>Header Files</Filter>
    </ClInclude>
    <ClInclude Include="..\structures\structure_iterator.h">
      <Filter>Header Files</Filter>
    </ClInclude>
    <ClInclude Include="..\structures\vector\vector.h">
      <Filter>Structures\vector</Filter>
    </ClInclude>
  </ItemGroup>
</Project>